<?xml version="1.0" encoding="utf-8"?>
<Project ToolsVersion="4.0" xmlns="http://schemas.microsoft.com/developer/msbuild/2003">
  <ItemGroup>
    <Filter Include="Source Files">
      <UniqueIdentifier>{4FC737F1-C7A5-4376-A066-2A32D752A2FF}</UniqueIdentifier>
      <Extensions>cpp;c;cc;cxx;def;odl;idl;hpj;bat;asm;asmx</Extensions>
    </Filter>
    <Filter Include="Resource Files">
      <UniqueIdentifier>{67DA6AB6-F800-4c08-8B7A-83BB121AAD01}</UniqueIdentifier>
      <Extensions>rc;ico;cur;bmp;dlg;rc2;rct;bin;rgs;gif;jpg;jpeg;jpe;resx;tiff;tif;png;wav;mfcribbon-ms</Extensions>
    </Filter>
    <Filter Include="GameObjectComponents">
      <UniqueIdentifier>{b14b17ee-7a16-48b1-af6b-c1ce303210b0}</UniqueIdentifier>
    </Filter>
    <Filter Include="GameResources">
      <UniqueIdentifier>{57d2581b-64ac-4306-8305-c9a1297edbd6}</UniqueIdentifier>
    </Filter>
    <Filter Include="GameResources\ResourceManager">
      <UniqueIdentifier>{17724798-7c76-4c05-861e-548b126be03a}</UniqueIdentifier>
    </Filter>
    <Filter Include="GameObjectActors">
      <UniqueIdentifier>{3a667547-df2a-43d4-b644-da0fd4881ada}</UniqueIdentifier>
    </Filter>
    <Filter Include="Scene">
      <UniqueIdentifier>{0162e7ae-3b8d-4226-8512-19ad1d1f825f}</UniqueIdentifier>
    </Filter>
  </ItemGroup>
  <ItemGroup>
    <ClInclude Include="Transform.h">
      <Filter>GameObjectComponents</Filter>
    </ClInclude>
    <ClInclude Include="Texture2D.h">
      <Filter>GameResources</Filter>
    </ClInclude>
    <ClInclude Include="Font.h">
      <Filter>GameResources</Filter>
    </ClInclude>
    <ClInclude Include="ResourceManager.h">
      <Filter>GameResources\ResourceManager</Filter>
    </ClInclude>
    <ClInclude Include="GameObject.h">
      <Filter>GameObjectActors</Filter>
    </ClInclude>
    <ClInclude Include="TextObject.h">
      <Filter>GameObjectActors</Filter>
    </ClInclude>
    <ClInclude Include="InputManager.h">
      <Filter>Source Files</Filter>
    </ClInclude>
    <ClInclude Include="Minigin.h">
      <Filter>Source Files</Filter>
    </ClInclude>
    <ClInclude Include="Renderer.h">
      <Filter>Source Files</Filter>
    </ClInclude>
    <ClInclude Include="Singleton.h">
      <Filter>Source Files</Filter>
    </ClInclude>
    <ClInclude Include="SceneManager.h">
      <Filter>Scene</Filter>
    </ClInclude>
    <ClInclude Include="Scene.h">
      <Filter>Scene</Filter>
    </ClInclude>
  </ItemGroup>
  <ItemGroup>
    <ClCompile Include="Renderer.cpp">
      <Filter>Source Files</Filter>
    </ClCompile>
    <ClCompile Include="InputManager.cpp">
      <Filter>Source Files</Filter>
    </ClCompile>
    <ClCompile Include="Minigin.cpp">
      <Filter>Source Files</Filter>
    </ClCompile>
    <ClCompile Include="Main.cpp" />
    <ClCompile Include="Transform.cpp">
      <Filter>GameObjectComponents</Filter>
    </ClCompile>
    <ClCompile Include="Texture2D.cpp">
      <Filter>GameResources</Filter>
    </ClCompile>
    <ClCompile Include="Font.cpp">
      <Filter>GameResources</Filter>
    </ClCompile>
    <ClCompile Include="ResourceManager.cpp">
      <Filter>GameResources\ResourceManager</Filter>
    </ClCompile>
    <ClCompile Include="GameObject.cpp">
      <Filter>GameObjectActors</Filter>
    </ClCompile>
    <ClCompile Include="TextObject.cpp">
      <Filter>GameObjectActors</Filter>
    </ClCompile>
    <ClCompile Include="Scene.cpp">
      <Filter>Scene</Filter>
    </ClCompile>
    <ClCompile Include="SceneManager.cpp">
      <Filter>Scene</Filter>
    </ClCompile>
  </ItemGroup>
</Project>